
Microsoft Visual Studio Solution File, Format Version 12.00
# Visual Studio Version 16
VisualStudioVersion = 16.0.31729.503
MinimumVisualStudioVersion = 10.0.40219.1
Project("{FAE04EC0-301F-11D3-BF4B-00C04F79EFBC}") = "InstagramSeleniumTest", "InstagramSeleniumTest\InstagramSeleniumTest.csproj", "{096E552D-8190-4085-99BB-9D61BC4BE467}"
EndProject
Global
	GlobalSection(SolutionConfigurationPlatforms) = preSolution
		Debug|Any CPU = Debug|Any CPU
		Release|Any CPU = Release|Any CPU
	EndGlobalSection
	GlobalSection(ProjectConfigurationPlatforms) = postSolution
		{096E552D-8190-4085-99BB-9D61BC4BE467}.Debug|Any CPU.ActiveCfg = Debug|Any CPU
		{096E552D-8190-4085-99BB-9D61BC4BE467}.Debug|Any CPU.Build.0 = Debug|Any CPU
		{096E552D-8190-4085-99BB-9D61BC4BE467}.Release|Any CPU.ActiveCfg = Release|Any CPU
		{096E552D-8190-4085-99BB-9D61BC4BE467}.Release|Any CPU.Build.0 = Release|Any CPU
	EndGlobalSection
	GlobalSection(SolutionProperties) = preSolution
		HideSolutionNode = FALSE
	EndGlobalSection
	GlobalSection(ExtensibilityGlobals) = postSolution
		SolutionGuid = {1077D60A-E68F-402C-ADA1-260A22B6F1BA}
	EndGlobalSection
EndGlobal
